
Microsoft Visual Studio Solution File, Format Version 12.00
Project("{FAE04EC0-301F-11D3-BF4B-00C04F79EFBC}") = "FinTrack", "FinTrack\FinTrack.csproj", "{AC7849DD-256F-4725-84A1-B32B601BFF60}"
EndProject
Project("{FAE04EC0-301F-11D3-BF4B-00C04F79EFBC}") = "Domain", "Domain\Domain.csproj", "{9C99C4D0-F12E-4D6E-8A9B-0B0653285FD4}"
EndProject
Project("{FAE04EC0-301F-11D3-BF4B-00C04F79EFBC}") = "Infrastructure", "Infrastructure\Infrastructure.csproj", "{B317D851-6884-4178-BEC0-C32212DDF4DD}"
EndProject
Project("{FAE04EC0-301F-11D3-BF4B-00C04F79EFBC}") = "Application", "Application\Application.csproj", "{11BFFD1D-B3AA-4590-A4CF-2FBD9BBB8087}"
EndProject
Global
	GlobalSection(SolutionConfigurationPlatforms) = preSolution
		Debug|Any CPU = Debug|Any CPU
		Debug|x64 = Debug|x64
		Debug|x86 = Debug|x86
		Release|Any CPU = Release|Any CPU
		Release|x64 = Release|x64
		Release|x86 = Release|x86
	EndGlobalSection
	GlobalSection(ProjectConfigurationPlatforms) = postSolution
		{AC7849DD-256F-4725-84A1-B32B601BFF60}.Debug|Any CPU.ActiveCfg = Debug|Any CPU
		{AC7849DD-256F-4725-84A1-B32B601BFF60}.Debug|Any CPU.Build.0 = Debug|Any CPU
		{AC7849DD-256F-4725-84A1-B32B601BFF60}.Debug|x64.ActiveCfg = Debug|Any CPU
		{AC7849DD-256F-4725-84A1-B32B601BFF60}.Debug|x64.Build.0 = Debug|Any CPU
		{AC7849DD-256F-4725-84A1-B32B601BFF60}.Debug|x86.ActiveCfg = Debug|Any CPU
		{AC7849DD-256F-4725-84A1-B32B601BFF60}.Debug|x86.Build.0 = Debug|Any CPU
		{AC7849DD-256F-4725-84A1-B32B601BFF60}.Release|Any CPU.ActiveCfg = Release|Any CPU
		{AC7849DD-256F-4725-84A1-B32B601BFF60}.Release|Any CPU.Build.0 = Release|Any CPU
		{AC7849DD-256F-4725-84A1-B32B601BFF60}.Release|x64.ActiveCfg = Release|Any CPU
		{AC7849DD-256F-4725-84A1-B32B601BFF60}.Release|x64.Build.0 = Release|Any CPU
		{AC7849DD-256F-4725-84A1-B32B601BFF60}.Release|x86.ActiveCfg = Release|Any CPU
		{AC7849DD-256F-4725-84A1-B32B601BFF60}.Release|x86.Build.0 = Release|Any CPU
		{9C99C4D0-F12E-4D6E-8A9B-0B0653285FD4}.Debug|Any CPU.ActiveCfg = Debug|Any CPU
		{9C99C4D0-F12E-4D6E-8A9B-0B0653285FD4}.Debug|Any CPU.Build.0 = Debug|Any CPU
		{9C99C4D0-F12E-4D6E-8A9B-0B0653285FD4}.Debug|x64.ActiveCfg = Debug|Any CPU
		{9C99C4D0-F12E-4D6E-8A9B-0B0653285FD4}.Debug|x64.Build.0 = Debug|Any CPU
		{9C99C4D0-F12E-4D6E-8A9B-0B0653285FD4}.Debug|x86.ActiveCfg = Debug|Any CPU
		{9C99C4D0-F12E-4D6E-8A9B-0B0653285FD4}.Debug|x86.Build.0 = Debug|Any CPU
		{9C99C4D0-F12E-4D6E-8A9B-0B0653285FD4}.Release|Any CPU.ActiveCfg = Release|Any CPU
		{9C99C4D0-F12E-4D6E-8A9B-0B0653285FD4}.Release|Any CPU.Build.0 = Release|Any CPU
		{9C99C4D0-F12E-4D6E-8A9B-0B0653285FD4}.Release|x64.ActiveCfg = Release|Any CPU
		{9C99C4D0-F12E-4D6E-8A9B-0B0653285FD4}.Release|x64.Build.0 = Release|Any CPU
		{9C99C4D0-F12E-4D6E-8A9B-0B0653285FD4}.Release|x86.ActiveCfg = Release|Any CPU
		{9C99C4D0-F12E-4D6E-8A9B-0B0653285FD4}.Release|x86.Build.0 = Release|Any CPU
		{B317D851-6884-4178-BEC0-C32212DDF4DD}.Debug|Any CPU.ActiveCfg = Debug|Any CPU
		{B317D851-6884-4178-BEC0-C32212DDF4DD}.Debug|Any CPU.Build.0 = Debug|Any CPU
		{B317D851-6884-4178-BEC0-C32212DDF4DD}.Debug|x64.ActiveCfg = Debug|Any CPU
		{B317D851-6884-4178-BEC0-C32212DDF4DD}.Debug|x64.Build.0 = Debug|Any CPU
		{B317D851-6884-4178-BEC0-C32212DDF4DD}.Debug|x86.ActiveCfg = Debug|Any CPU
		{B317D851-6884-4178-BEC0-C32212DDF4DD}.Debug|x86.Build.0 = Debug|Any CPU
		{B317D851-6884-4178-BEC0-C32212DDF4DD}.Release|Any CPU.ActiveCfg = Release|Any CPU
		{B317D851-6884-4178-BEC0-C32212DDF4DD}.Release|Any CPU.Build.0 = Release|Any CPU
		{B317D851-6884-4178-BEC0-C32212DDF4DD}.Release|x64.ActiveCfg = Release|Any CPU
		{B317D851-6884-4178-BEC0-C32212DDF4DD}.Release|x64.Build.0 = Release|Any CPU
		{B317D851-6884-4178-BEC0-C32212DDF4DD}.Release|x86.ActiveCfg = Release|Any CPU
		{B317D851-6884-4178-BEC0-C32212DDF4DD}.Release|x86.Build.0 = Release|Any CPU
		{11BFFD1D-B3AA-4590-A4CF-2FBD9BBB8087}.Debug|Any CPU.ActiveCfg = Debug|Any CPU
		{11BFFD1D-B3AA-4590-A4CF-2FBD9BBB8087}.Debug|Any CPU.Build.0 = Debug|Any CPU
		{11BFFD1D-B3AA-4590-A4CF-2FBD9BBB8087}.Debug|x64.ActiveCfg = Debug|Any CPU
		{11BFFD1D-B3AA-4590-A4CF-2FBD9BBB8087}.Debug|x64.Build.0 = Debug|Any CPU
		{11BFFD1D-B3AA-4590-A4CF-2FBD9BBB8087}.Debug|x86.ActiveCfg = Debug|Any CPU
		{11BFFD1D-B3AA-4590-A4CF-2FBD9BBB8087}.Debug|x86.Build.0 = Debug|Any CPU
		{11BFFD1D-B3AA-4590-A4CF-2FBD9BBB8087}.Release|Any CPU.ActiveCfg = Release|Any CPU
		{11BFFD1D-B3AA-4590-A4CF-2FBD9BBB8087}.Release|Any CPU.Build.0 = Release|Any CPU
		{11BFFD1D-B3AA-4590-A4CF-2FBD9BBB8087}.Release|x64.ActiveCfg = Release|Any CPU
		{11BFFD1D-B3AA-4590-A4CF-2FBD9BBB8087}.Release|x64.Build.0 = Release|Any CPU
		{11BFFD1D-B3AA-4590-A4CF-2FBD9BBB8087}.Release|x86.ActiveCfg = Release|Any CPU
		{11BFFD1D-B3AA-4590-A4CF-2FBD9BBB8087}.Release|x86.Build.0 = Release|Any CPU
	EndGlobalSection
	GlobalSection(SolutionProperties) = preSolution
		HideSolutionNode = FALSE
	EndGlobalSection
EndGlobal
