
Microsoft Visual Studio Solution File, Format Version 12.00
Project("{2150E333-8FDC-42A3-9474-1A3956D46DE8}") = "src", "src", "{827E0CD3-B72D-47B6-A68D-7590B98EB39B}"
EndProject
Project("{2150E333-8FDC-42A3-9474-1A3956D46DE8}") = "02-Application", "02-Application", "{15BCE6F0-F798-6FCC-7726-D5DA42401A38}"
EndProject
Project("{FAE04EC0-301F-11D3-BF4B-00C04F79EFBC}") = "Application", "src\02-Application\Application\Application.csproj", "{A7BA6581-FA4D-458A-9155-663FB3CDE94B}"
EndProject
Project("{2150E333-8FDC-42A3-9474-1A3956D46DE8}") = "01-Domain", "01-Domain", "{3EA51021-FC2D-0101-C882-85390DFDDA1C}"
EndProject
Project("{FAE04EC0-301F-11D3-BF4B-00C04F79EFBC}") = "Domain", "src\01-Domain\Domain\Domain.csproj", "{1F2C05A9-72B7-4FBB-B999-09FAF4057A56}"
EndProject
Project("{2150E333-8FDC-42A3-9474-1A3956D46DE8}") = "03-Infrastructure", "03-Infrastructure", "{1F87A12E-D750-680C-2313-99AE4BC9444D}"
EndProject
Project("{FAE04EC0-301F-11D3-BF4B-00C04F79EFBC}") = "Infrastructure", "src\03-Infrastructure\Infrastructure\Infrastructure.csproj", "{E33693A4-90F2-4F1F-A51A-278F3DFE549A}"
EndProject
Project("{2150E333-8FDC-42A3-9474-1A3956D46DE8}") = "04-Presentation", "04-Presentation", "{46799E6A-F821-40B2-0784-386830E3EC45}"
EndProject
Project("{FAE04EC0-301F-11D3-BF4B-00C04F79EFBC}") = "FinTrack", "src\04-Presentation\FinTrack\FinTrack.csproj", "{404810AE-D08E-4A05-A7D9-C2F867DDBC60}"
EndProject
Project("{2150E333-8FDC-42A3-9474-1A3956D46DE8}") = "tests", "tests", "{0AB3BF05-4346-4AA6-1389-037BE0695223}"
EndProject
Project("{FAE04EC0-301F-11D3-BF4B-00C04F79EFBC}") = "Domain.UnitTests", "tests\Domain.UnitTests\Domain.UnitTests.csproj", "{A248B517-1922-4A38-A772-606F41D15049}"
EndProject
Project("{FAE04EC0-301F-11D3-BF4B-00C04F79EFBC}") = "Application.UnitTests", "tests\Application.UnitTests\Application.UnitTests.csproj", "{1621AE4E-5A23-49BA-A9D3-0F4284FDE0E4}"
EndProject
Global
	GlobalSection(SolutionConfigurationPlatforms) = preSolution
		Debug|Any CPU = Debug|Any CPU
		Debug|x64 = Debug|x64
		Debug|x86 = Debug|x86
		Release|Any CPU = Release|Any CPU
		Release|x64 = Release|x64
		Release|x86 = Release|x86
	EndGlobalSection
	GlobalSection(ProjectConfigurationPlatforms) = postSolution
		{A7BA6581-FA4D-458A-9155-663FB3CDE94B}.Debug|Any CPU.ActiveCfg = Debug|Any CPU
		{A7BA6581-FA4D-458A-9155-663FB3CDE94B}.Debug|Any CPU.Build.0 = Debug|Any CPU
		{A7BA6581-FA4D-458A-9155-663FB3CDE94B}.Debug|x64.ActiveCfg = Debug|Any CPU
		{A7BA6581-FA4D-458A-9155-663FB3CDE94B}.Debug|x64.Build.0 = Debug|Any CPU
		{A7BA6581-FA4D-458A-9155-663FB3CDE94B}.Debug|x86.ActiveCfg = Debug|Any CPU
		{A7BA6581-FA4D-458A-9155-663FB3CDE94B}.Debug|x86.Build.0 = Debug|Any CPU
		{A7BA6581-FA4D-458A-9155-663FB3CDE94B}.Release|Any CPU.ActiveCfg = Release|Any CPU
		{A7BA6581-FA4D-458A-9155-663FB3CDE94B}.Release|Any CPU.Build.0 = Release|Any CPU
		{A7BA6581-FA4D-458A-9155-663FB3CDE94B}.Release|x64.ActiveCfg = Release|Any CPU
		{A7BA6581-FA4D-458A-9155-663FB3CDE94B}.Release|x64.Build.0 = Release|Any CPU
		{A7BA6581-FA4D-458A-9155-663FB3CDE94B}.Release|x86.ActiveCfg = Release|Any CPU
		{A7BA6581-FA4D-458A-9155-663FB3CDE94B}.Release|x86.Build.0 = Release|Any CPU
		{1F2C05A9-72B7-4FBB-B999-09FAF4057A56}.Debug|Any CPU.ActiveCfg = Debug|Any CPU
		{1F2C05A9-72B7-4FBB-B999-09FAF4057A56}.Debug|Any CPU.Build.0 = Debug|Any CPU
		{1F2C05A9-72B7-4FBB-B999-09FAF4057A56}.Debug|x64.ActiveCfg = Debug|Any CPU
		{1F2C05A9-72B7-4FBB-B999-09FAF4057A56}.Debug|x64.Build.0 = Debug|Any CPU
		{1F2C05A9-72B7-4FBB-B999-09FAF4057A56}.Debug|x86.ActiveCfg = Debug|Any CPU
		{1F2C05A9-72B7-4FBB-B999-09FAF4057A56}.Debug|x86.Build.0 = Debug|Any CPU
		{1F2C05A9-72B7-4FBB-B999-09FAF4057A56}.Release|Any CPU.ActiveCfg = Release|Any CPU
		{1F2C05A9-72B7-4FBB-B999-09FAF4057A56}.Release|Any CPU.Build.0 = Release|Any CPU
		{1F2C05A9-72B7-4FBB-B999-09FAF4057A56}.Release|x64.ActiveCfg = Release|Any CPU
		{1F2C05A9-72B7-4FBB-B999-09FAF4057A56}.Release|x64.Build.0 = Release|Any CPU
		{1F2C05A9-72B7-4FBB-B999-09FAF4057A56}.Release|x86.ActiveCfg = Release|Any CPU
		{1F2C05A9-72B7-4FBB-B999-09FAF4057A56}.Release|x86.Build.0 = Release|Any CPU
		{E33693A4-90F2-4F1F-A51A-278F3DFE549A}.Debug|Any CPU.ActiveCfg = Debug|Any CPU
		{E33693A4-90F2-4F1F-A51A-278F3DFE549A}.Debug|Any CPU.Build.0 = Debug|Any CPU
		{E33693A4-90F2-4F1F-A51A-278F3DFE549A}.Debug|x64.ActiveCfg = Debug|Any CPU
		{E33693A4-90F2-4F1F-A51A-278F3DFE549A}.Debug|x64.Build.0 = Debug|Any CPU
		{E33693A4-90F2-4F1F-A51A-278F3DFE549A}.Debug|x86.ActiveCfg = Debug|Any CPU
		{E33693A4-90F2-4F1F-A51A-278F3DFE549A}.Debug|x86.Build.0 = Debug|Any CPU
		{E33693A4-90F2-4F1F-A51A-278F3DFE549A}.Release|Any CPU.ActiveCfg = Release|Any CPU
		{E33693A4-90F2-4F1F-A51A-278F3DFE549A}.Release|Any CPU.Build.0 = Release|Any CPU
		{E33693A4-90F2-4F1F-A51A-278F3DFE549A}.Release|x64.ActiveCfg = Release|Any CPU
		{E33693A4-90F2-4F1F-A51A-278F3DFE549A}.Release|x64.Build.0 = Release|Any CPU
		{E33693A4-90F2-4F1F-A51A-278F3DFE549A}.Release|x86.ActiveCfg = Release|Any CPU
		{E33693A4-90F2-4F1F-A51A-278F3DFE549A}.Release|x86.Build.0 = Release|Any CPU
		{404810AE-D08E-4A05-A7D9-C2F867DDBC60}.Debug|Any CPU.ActiveCfg = Debug|Any CPU
		{404810AE-D08E-4A05-A7D9-C2F867DDBC60}.Debug|Any CPU.Build.0 = Debug|Any CPU
		{404810AE-D08E-4A05-A7D9-C2F867DDBC60}.Debug|x64.ActiveCfg = Debug|Any CPU
		{404810AE-D08E-4A05-A7D9-C2F867DDBC60}.Debug|x64.Build.0 = Debug|Any CPU
		{404810AE-D08E-4A05-A7D9-C2F867DDBC60}.Debug|x86.ActiveCfg = Debug|Any CPU
		{404810AE-D08E-4A05-A7D9-C2F867DDBC60}.Debug|x86.Build.0 = Debug|Any CPU
		{404810AE-D08E-4A05-A7D9-C2F867DDBC60}.Release|Any CPU.ActiveCfg = Release|Any CPU
		{404810AE-D08E-4A05-A7D9-C2F867DDBC60}.Release|Any CPU.Build.0 = Release|Any CPU
		{404810AE-D08E-4A05-A7D9-C2F867DDBC60}.Release|x64.ActiveCfg = Release|Any CPU
		{404810AE-D08E-4A05-A7D9-C2F867DDBC60}.Release|x64.Build.0 = Release|Any CPU
		{404810AE-D08E-4A05-A7D9-C2F867DDBC60}.Release|x86.ActiveCfg = Release|Any CPU
		{404810AE-D08E-4A05-A7D9-C2F867DDBC60}.Release|x86.Build.0 = Release|Any CPU
		{A248B517-1922-4A38-A772-606F41D15049}.Debug|Any CPU.ActiveCfg = Debug|Any CPU
		{A248B517-1922-4A38-A772-606F41D15049}.Debug|Any CPU.Build.0 = Debug|Any CPU
		{A248B517-1922-4A38-A772-606F41D15049}.Debug|x64.ActiveCfg = Debug|Any CPU
		{A248B517-1922-4A38-A772-606F41D15049}.Debug|x64.Build.0 = Debug|Any CPU
		{A248B517-1922-4A38-A772-606F41D15049}.Debug|x86.ActiveCfg = Debug|Any CPU
		{A248B517-1922-4A38-A772-606F41D15049}.Debug|x86.Build.0 = Debug|Any CPU
		{A248B517-1922-4A38-A772-606F41D15049}.Release|Any CPU.ActiveCfg = Release|Any CPU
		{A248B517-1922-4A38-A772-606F41D15049}.Release|Any CPU.Build.0 = Release|Any CPU
		{A248B517-1922-4A38-A772-606F41D15049}.Release|x64.ActiveCfg = Release|Any CPU
		{A248B517-1922-4A38-A772-606F41D15049}.Release|x64.Build.0 = Release|Any CPU
		{A248B517-1922-4A38-A772-606F41D15049}.Release|x86.ActiveCfg = Release|Any CPU
		{A248B517-1922-4A38-A772-606F41D15049}.Release|x86.Build.0 = Release|Any CPU
		{1621AE4E-5A23-49BA-A9D3-0F4284FDE0E4}.Debug|Any CPU.ActiveCfg = Debug|Any CPU
		{1621AE4E-5A23-49BA-A9D3-0F4284FDE0E4}.Debug|Any CPU.Build.0 = Debug|Any CPU
		{1621AE4E-5A23-49BA-A9D3-0F4284FDE0E4}.Debug|x64.ActiveCfg = Debug|Any CPU
		{1621AE4E-5A23-49BA-A9D3-0F4284FDE0E4}.Debug|x64.Build.0 = Debug|Any CPU
		{1621AE4E-5A23-49BA-A9D3-0F4284FDE0E4}.Debug|x86.ActiveCfg = Debug|Any CPU
		{1621AE4E-5A23-49BA-A9D3-0F4284FDE0E4}.Debug|x86.Build.0 = Debug|Any CPU
		{1621AE4E-5A23-49BA-A9D3-0F4284FDE0E4}.Release|Any CPU.ActiveCfg = Release|Any CPU
		{1621AE4E-5A23-49BA-A9D3-0F4284FDE0E4}.Release|Any CPU.Build.0 = Release|Any CPU
		{1621AE4E-5A23-49BA-A9D3-0F4284FDE0E4}.Release|x64.ActiveCfg = Release|Any CPU
		{1621AE4E-5A23-49BA-A9D3-0F4284FDE0E4}.Release|x64.Build.0 = Release|Any CPU
		{1621AE4E-5A23-49BA-A9D3-0F4284FDE0E4}.Release|x86.ActiveCfg = Release|Any CPU
		{1621AE4E-5A23-49BA-A9D3-0F4284FDE0E4}.Release|x86.Build.0 = Release|Any CPU
	EndGlobalSection
	GlobalSection(SolutionProperties) = preSolution
		HideSolutionNode = FALSE
	EndGlobalSection
	GlobalSection(NestedProjects) = preSolution
		{15BCE6F0-F798-6FCC-7726-D5DA42401A38} = {827E0CD3-B72D-47B6-A68D-7590B98EB39B}
		{A7BA6581-FA4D-458A-9155-663FB3CDE94B} = {15BCE6F0-F798-6FCC-7726-D5DA42401A38}
		{3EA51021-FC2D-0101-C882-85390DFDDA1C} = {827E0CD3-B72D-47B6-A68D-7590B98EB39B}
		{1F2C05A9-72B7-4FBB-B999-09FAF4057A56} = {3EA51021-FC2D-0101-C882-85390DFDDA1C}
		{1F87A12E-D750-680C-2313-99AE4BC9444D} = {827E0CD3-B72D-47B6-A68D-7590B98EB39B}
		{E33693A4-90F2-4F1F-A51A-278F3DFE549A} = {1F87A12E-D750-680C-2313-99AE4BC9444D}
		{46799E6A-F821-40B2-0784-386830E3EC45} = {827E0CD3-B72D-47B6-A68D-7590B98EB39B}
		{404810AE-D08E-4A05-A7D9-C2F867DDBC60} = {46799E6A-F821-40B2-0784-386830E3EC45}
		{A248B517-1922-4A38-A772-606F41D15049} = {0AB3BF05-4346-4AA6-1389-037BE0695223}
		{1621AE4E-5A23-49BA-A9D3-0F4284FDE0E4} = {0AB3BF05-4346-4AA6-1389-037BE0695223}
	EndGlobalSection
EndGlobal
